// !$*UTF8*$!
{
	archiveVersion = 1;
	classes = {
	};
	objectVersion = 55;
	objects = {

/* Begin PBXBuildFile section */
		443E3332280E965600C57D5C /* AppDelegate.swift in Sources */ = {isa = PBXBuildFile; fileRef = 443E3331280E965600C57D5C /* AppDelegate.swift */; };
		443E3334280E965600C57D5C /* SceneDelegate.swift in Sources */ = {isa = PBXBuildFile; fileRef = 443E3333280E965600C57D5C /* SceneDelegate.swift */; };
		443E3336280E965600C57D5C /* StartViewController.swift in Sources */ = {isa = PBXBuildFile; fileRef = 443E3335280E965600C57D5C /* StartViewController.swift */; };
		443E3339280E965600C57D5C /* Main.storyboard in Resources */ = {isa = PBXBuildFile; fileRef = 443E3337280E965600C57D5C /* Main.storyboard */; };
		443E333B280E965A00C57D5C /* Assets.xcassets in Resources */ = {isa = PBXBuildFile; fileRef = 443E333A280E965A00C57D5C /* Assets.xcassets */; };
		443E333E280E965A00C57D5C /* LaunchScreen.storyboard in Resources */ = {isa = PBXBuildFile; fileRef = 443E333C280E965A00C57D5C /* LaunchScreen.storyboard */; };
		443E3349280E965A00C57D5C /* X0FunTests.swift in Sources */ = {isa = PBXBuildFile; fileRef = 443E3348280E965A00C57D5C /* X0FunTests.swift */; };
		443E3353280E965A00C57D5C /* X0FunUITests.swift in Sources */ = {isa = PBXBuildFile; fileRef = 443E3352280E965A00C57D5C /* X0FunUITests.swift */; };
		443E3355280E965A00C57D5C /* X0FunUITestsLaunchTests.swift in Sources */ = {isa = PBXBuildFile; fileRef = 443E3354280E965A00C57D5C /* X0FunUITestsLaunchTests.swift */; };
		443E3362280EA46500C57D5C /* PlayWithViewController.swift in Sources */ = {isa = PBXBuildFile; fileRef = 443E3361280EA46500C57D5C /* PlayWithViewController.swift */; };
		BE10558F280F201300EF4D87 /* PlayWithCompViewController.swift in Sources */ = {isa = PBXBuildFile; fileRef = BE10558E280F201300EF4D87 /* PlayWithCompViewController.swift */; };
		BE105591280F202D00EF4D87 /* PlayWithPlayerViewController.swift in Sources */ = {isa = PBXBuildFile; fileRef = BE105590280F202D00EF4D87 /* PlayWithPlayerViewController.swift */; };
/* End PBXBuildFile section */

/* Begin PBXContainerItemProxy section */
		443E3345280E965A00C57D5C /* PBXContainerItemProxy */ = {
			isa = PBXContainerItemProxy;
			containerPortal = 443E3326280E965600C57D5C /* Project object */;
			proxyType = 1;
			remoteGlobalIDString = 443E332D280E965600C57D5C;
			remoteInfo = X0Fun;
		};
		443E334F280E965A00C57D5C /* PBXContainerItemProxy */ = {
			isa = PBXContainerItemProxy;
			containerPortal = 443E3326280E965600C57D5C /* Project object */;
			proxyType = 1;
			remoteGlobalIDString = 443E332D280E965600C57D5C;
			remoteInfo = X0Fun;
		};
/* End PBXContainerItemProxy section */

/* Begin PBXFileReference section */
		443E332E280E965600C57D5C /* X0Fun.app */ = {isa = PBXFileReference; explicitFileType = wrapper.application; includeInIndex = 0; path = X0Fun.app; sourceTree = BUILT_PRODUCTS_DIR; };
		443E3331280E965600C57D5C /* AppDelegate.swift */ = {isa = PBXFileReference; lastKnownFileType = sourcecode.swift; path = AppDelegate.swift; sourceTree = "<group>"; };
		443E3333280E965600C57D5C /* SceneDelegate.swift */ = {isa = PBXFileReference; lastKnownFileType = sourcecode.swift; path = SceneDelegate.swift; sourceTree = "<group>"; };
		443E3335280E965600C57D5C /* StartViewController.swift */ = {isa = PBXFileReference; lastKnownFileType = sourcecode.swift; path = StartViewController.swift; sourceTree = "<group>"; };
		443E3338280E965600C57D5C /* Base */ = {isa = PBXFileReference; lastKnownFileType = file.storyboard; name = Base; path = Base.lproj/Main.storyboard; sourceTree = "<group>"; };
		443E333A280E965A00C57D5C /* Assets.xcassets */ = {isa = PBXFileReference; lastKnownFileType = folder.assetcatalog; path = Assets.xcassets; sourceTree = "<group>"; };
		443E333D280E965A00C57D5C /* Base */ = {isa = PBXFileReference; lastKnownFileType = file.storyboard; name = Base; path = Base.lproj/LaunchScreen.storyboard; sourceTree = "<group>"; };
		443E333F280E965A00C57D5C /* Info.plist */ = {isa = PBXFileReference; lastKnownFileType = text.plist.xml; path = Info.plist; sourceTree = "<group>"; };
		443E3344280E965A00C57D5C /* X0FunTests.xctest */ = {isa = PBXFileReference; explicitFileType = wrapper.cfbundle; includeInIndex = 0; path = X0FunTests.xctest; sourceTree = BUILT_PRODUCTS_DIR; };
		443E3348280E965A00C57D5C /* X0FunTests.swift */ = {isa = PBXFileReference; lastKnownFileType = sourcecode.swift; path = X0FunTests.swift; sourceTree = "<group>"; };
		443E334E280E965A00C57D5C /* X0FunUITests.xctest */ = {isa = PBXFileReference; explicitFileType = wrapper.cfbundle; includeInIndex = 0; path = X0FunUITests.xctest; sourceTree = BUILT_PRODUCTS_DIR; };
		443E3352280E965A00C57D5C /* X0FunUITests.swift */ = {isa = PBXFileReference; lastKnownFileType = sourcecode.swift; path = X0FunUITests.swift; sourceTree = "<group>"; };
		443E3354280E965A00C57D5C /* X0FunUITestsLaunchTests.swift */ = {isa = PBXFileReference; lastKnownFileType = sourcecode.swift; path = X0FunUITestsLaunchTests.swift; sourceTree = "<group>"; };
		443E3361280EA46500C57D5C /* PlayWithViewController.swift */ = {isa = PBXFileReference; lastKnownFileType = sourcecode.swift; path = PlayWithViewController.swift; sourceTree = "<group>"; };
		BE10558E280F201300EF4D87 /* PlayWithCompViewController.swift */ = {isa = PBXFileReference; lastKnownFileType = sourcecode.swift; path = PlayWithCompViewController.swift; sourceTree = SOURCE_ROOT; };
		BE105590280F202D00EF4D87 /* PlayWithPlayerViewController.swift */ = {isa = PBXFileReference; lastKnownFileType = sourcecode.swift; path = PlayWithPlayerViewController.swift; sourceTree = "<group>"; };
/* End PBXFileReference section */

/* Begin PBXFrameworksBuildPhase section */
		443E332B280E965600C57D5C /* Frameworks */ = {
			isa = PBXFrameworksBuildPhase;
			buildActionMask = 2147483647;
			files = (
			);
			runOnlyForDeploymentPostprocessing = 0;
		};
		443E3341280E965A00C57D5C /* Frameworks */ = {
			isa = PBXFrameworksBuildPhase;
			buildActionMask = 2147483647;
			files = (
			);
			runOnlyForDeploymentPostprocessing = 0;
		};
		443E334B280E965A00C57D5C /* Frameworks */ = {
			isa = PBXFrameworksBuildPhase;
			buildActionMask = 2147483647;
			files = (
			);
			runOnlyForDeploymentPostprocessing = 0;
		};
/* End PBXFrameworksBuildPhase section */

/* Begin PBXGroup section */
		443E3325280E965600C57D5C = {
			isa = PBXGroup;
			children = (
				443E3330280E965600C57D5C /* X0Fun */,
				443E3347280E965A00C57D5C /* X0FunTests */,
				443E3351280E965A00C57D5C /* X0FunUITests */,
				443E332F280E965600C57D5C /* Products */,
			);
			sourceTree = "<group>";
		};
		443E332F280E965600C57D5C /* Products */ = {
			isa = PBXGroup;
			children = (
				443E332E280E965600C57D5C /* X0Fun.app */,
				443E3344280E965A00C57D5C /* X0FunTests.xctest */,
				443E334E280E965A00C57D5C /* X0FunUITests.xctest */,
			);
			name = Products;
			sourceTree = "<group>";
		};
		443E3330280E965600C57D5C /* X0Fun */ = {
			isa = PBXGroup;
			children = (
				443E3331280E965600C57D5C /* AppDelegate.swift */,
				443E3333280E965600C57D5C /* SceneDelegate.swift */,
				443E3335280E965600C57D5C /* StartViewController.swift */,
				443E3337280E965600C57D5C /* Main.storyboard */,
				BE10558E280F201300EF4D87 /* PlayWithCompViewController.swift */,
				BE105590280F202D00EF4D87 /* PlayWithPlayerViewController.swift */,
				443E333A280E965A00C57D5C /* Assets.xcassets */,
				443E333C280E965A00C57D5C /* LaunchScreen.storyboard */,
				443E333F280E965A00C57D5C /* Info.plist */,
				443E3361280EA46500C57D5C /* PlayWithViewController.swift */,
			);
			path = X0Fun;
			sourceTree = "<group>";
		};
		443E3347280E965A00C57D5C /* X0FunTests */ = {
			isa = PBXGroup;
			children = (
				443E3348280E965A00C57D5C /* X0FunTests.swift */,
			);
			path = X0FunTests;
			sourceTree = "<group>";
		};
		443E3351280E965A00C57D5C /* X0FunUITests */ = {
			isa = PBXGroup;
			children = (
				443E3352280E965A00C57D5C /* X0FunUITests.swift */,
				443E3354280E965A00C57D5C /* X0FunUITestsLaunchTests.swift */,
			);
			path = X0FunUITests;
			sourceTree = "<group>";
		};
/* End PBXGroup section */

/* Begin PBXNativeTarget section */
		443E332D280E965600C57D5C /* X0Fun */ = {
			isa = PBXNativeTarget;
			buildConfigurationList = 443E3358280E965A00C57D5C /* Build configuration list for PBXNativeTarget "X0Fun" */;
			buildPhases = (
				443E332A280E965600C57D5C /* Sources */,
				443E332B280E965600C57D5C /* Frameworks */,
				443E332C280E965600C57D5C /* Resources */,
			);
			buildRules = (
			);
			dependencies = (
			);
			name = X0Fun;
			productName = X0Fun;
			productReference = 443E332E280E965600C57D5C /* X0Fun.app */;
			productType = "com.apple.product-type.application";
		};
		443E3343280E965A00C57D5C /* X0FunTests */ = {
			isa = PBXNativeTarget;
			buildConfigurationList = 443E335B280E965A00C57D5C /* Build configuration list for PBXNativeTarget "X0FunTests" */;
			buildPhases = (
				443E3340280E965A00C57D5C /* Sources */,
				443E3341280E965A00C57D5C /* Frameworks */,
				443E3342280E965A00C57D5C /* Resources */,
			);
			buildRules = (
			);
			dependencies = (
				443E3346280E965A00C57D5C /* PBXTargetDependency */,
			);
			name = X0FunTests;
			productName = X0FunTests;
			productReference = 443E3344280E965A00C57D5C /* X0FunTests.xctest */;
			productType = "com.apple.product-type.bundle.unit-test";
		};
		443E334D280E965A00C57D5C /* X0FunUITests */ = {
			isa = PBXNativeTarget;
			buildConfigurationList = 443E335E280E965A00C57D5C /* Build configuration list for PBXNativeTarget "X0FunUITests" */;
			buildPhases = (
				443E334A280E965A00C57D5C /* Sources */,
				443E334B280E965A00C57D5C /* Frameworks */,
				443E334C280E965A00C57D5C /* Resources */,
			);
			buildRules = (
			);
			dependencies = (
				443E3350280E965A00C57D5C /* PBXTargetDependency */,
			);
			name = X0FunUITests;
			productName = X0FunUITests;
			productReference = 443E334E280E965A00C57D5C /* X0FunUITests.xctest */;
			productType = "com.apple.product-type.bundle.ui-testing";
		};
/* End PBXNativeTarget section */

/* Begin PBXProject section */
		443E3326280E965600C57D5C /* Project object */ = {
			isa = PBXProject;
			attributes = {
				BuildIndependentTargetsInParallel = 1;
				LastSwiftUpdateCheck = 1330;
				LastUpgradeCheck = 1330;
				TargetAttributes = {
					443E332D280E965600C57D5C = {
						CreatedOnToolsVersion = 13.3.1;
					};
					443E3343280E965A00C57D5C = {
						CreatedOnToolsVersion = 13.3.1;
						TestTargetID = 443E332D280E965600C57D5C;
					};
					443E334D280E965A00C57D5C = {
						CreatedOnToolsVersion = 13.3.1;
						TestTargetID = 443E332D280E965600C57D5C;
					};
				};
			};
			buildConfigurationList = 443E3329280E965600C57D5C /* Build configuration list for PBXProject "X0Fun" */;
			compatibilityVersion = "Xcode 13.0";
			developmentRegion = en;
			hasScannedForEncodings = 0;
			knownRegions = (
				en,
				Base,
			);
			mainGroup = 443E3325280E965600C57D5C;
			productRefGroup = 443E332F280E965600C57D5C /* Products */;
			projectDirPath = "";
			projectRoot = "";
			targets = (
				443E332D280E965600C57D5C /* X0Fun */,
				443E3343280E965A00C57D5C /* X0FunTests */,
				443E334D280E965A00C57D5C /* X0FunUITests */,
			);
		};
/* End PBXProject section */

/* Begin PBXResourcesBuildPhase section */
		443E332C280E965600C57D5C /* Resources */ = {
			isa = PBXResourcesBuildPhase;
			buildActionMask = 2147483647;
			files = (
				443E333E280E965A00C57D5C /* LaunchScreen.storyboard in Resources */,
				443E333B280E965A00C57D5C /* Assets.xcassets in Resources */,
				443E3339280E965600C57D5C /* Main.storyboard in Resources */,
			);
			runOnlyForDeploymentPostprocessing = 0;
		};
		443E3342280E965A00C57D5C /* Resources */ = {
			isa = PBXResourcesBuildPhase;
			buildActionMask = 2147483647;
			files = (
			);
			runOnlyForDeploymentPostprocessing = 0;
		};
		443E334C280E965A00C57D5C /* Resources */ = {
			isa = PBXResourcesBuildPhase;
			buildActionMask = 2147483647;
			files = (
			);
			runOnlyForDeploymentPostprocessing = 0;
		};
/* End PBXResourcesBuildPhase section */

/* Begin PBXSourcesBuildPhase section */
		443E332A280E965600C57D5C /* Sources */ = {
			isa = PBXSourcesBuildPhase;
			buildActionMask = 2147483647;
			files = (
				443E3362280EA46500C57D5C /* PlayWithViewController.swift in Sources */,
				443E3336280E965600C57D5C /* StartViewController.swift in Sources */,
				443E3332280E965600C57D5C /* AppDelegate.swift in Sources */,
				443E3334280E965600C57D5C /* SceneDelegate.swift in Sources */,
				BE10558F280F201300EF4D87 /* PlayWithCompViewController.swift in Sources */,
				BE105591280F202D00EF4D87 /* PlayWithPlayerViewController.swift in Sources */,
			);
			runOnlyForDeploymentPostprocessing = 0;
		};
		443E3340280E965A00C57D5C /* Sources */ = {
			isa = PBXSourcesBuildPhase;
			buildActionMask = 2147483647;
			files = (
				443E3349280E965A00C57D5C /* X0FunTests.swift in Sources */,
			);
			runOnlyForDeploymentPostprocessing = 0;
		};
		443E334A280E965A00C57D5C /* Sources */ = {
			isa = PBXSourcesBuildPhase;
			buildActionMask = 2147483647;
			files = (
				443E3355280E965A00C57D5C /* X0FunUITestsLaunchTests.swift in Sources */,
				443E3353280E965A00C57D5C /* X0FunUITests.swift in Sources */,
			);
			runOnlyForDeploymentPostprocessing = 0;
		};
/* End PBXSourcesBuildPhase section */

/* Begin PBXTargetDependency section */
		443E3346280E965A00C57D5C /* PBXTargetDependency */ = {
			isa = PBXTargetDependency;
			target = 443E332D280E965600C57D5C /* X0Fun */;
			targetProxy = 443E3345280E965A00C57D5C /* PBXContainerItemProxy */;
		};
		443E3350280E965A00C57D5C /* PBXTargetDependency */ = {
			isa = PBXTargetDependency;
			target = 443E332D280E965600C57D5C /* X0Fun */;
			targetProxy = 443E334F280E965A00C57D5C /* PBXContainerItemProxy */;
		};
/* End PBXTargetDependency section */

/* Begin PBXVariantGroup section */
		443E3337280E965600C57D5C /* Main.storyboard */ = {
			isa = PBXVariantGroup;
			children = (
				443E3338280E965600C57D5C /* Base */,
			);
			name = Main.storyboard;
			sourceTree = "<group>";
		};
		443E333C280E965A00C57D5C /* LaunchScreen.storyboard */ = {
			isa = PBXVariantGroup;
			children = (
				443E333D280E965A00C57D5C /* Base */,
			);
			name = LaunchScreen.storyboard;
			sourceTree = "<group>";
		};
/* End PBXVariantGroup section */

/* Begin XCBuildConfiguration section */
		443E3356280E965A00C57D5C /* Debug */ = {
			isa = XCBuildConfiguration;
			buildSettings = {
				ALWAYS_SEARCH_USER_PATHS = NO;
				CLANG_ANALYZER_NONNULL = YES;
				CLANG_ANALYZER_NUMBER_OBJECT_CONVERSION = YES_AGGRESSIVE;
				CLANG_CXX_LANGUAGE_STANDARD = "gnu++17";
				CLANG_ENABLE_MODULES = YES;
				CLANG_ENABLE_OBJC_ARC = YES;
				CLANG_ENABLE_OBJC_WEAK = YES;
				CLANG_WARN_BLOCK_CAPTURE_AUTORELEASING = YES;
				CLANG_WARN_BOOL_CONVERSION = YES;
				CLANG_WARN_COMMA = YES;
				CLANG_WARN_CONSTANT_CONVERSION = YES;
				CLANG_WARN_DEPRECATED_OBJC_IMPLEMENTATIONS = YES;
				CLANG_WARN_DIRECT_OBJC_ISA_USAGE = YES_ERROR;
				CLANG_WARN_DOCUMENTATION_COMMENTS = YES;
				CLANG_WARN_EMPTY_BODY = YES;
				CLANG_WARN_ENUM_CONVERSION = YES;
				CLANG_WARN_INFINITE_RECURSION = YES;
				CLANG_WARN_INT_CONVERSION = YES;
				CLANG_WARN_NON_LITERAL_NULL_CONVERSION = YES;
				CLANG_WARN_OBJC_IMPLICIT_RETAIN_SELF = YES;
				CLANG_WARN_OBJC_LITERAL_CONVERSION = YES;
				CLANG_WARN_OBJC_ROOT_CLASS = YES_ERROR;
				CLANG_WARN_QUOTED_INCLUDE_IN_FRAMEWORK_HEADER = YES;
				CLANG_WARN_RANGE_LOOP_ANALYSIS = YES;
				CLANG_WARN_STRICT_PROTOTYPES = YES;
				CLANG_WARN_SUSPICIOUS_MOVE = YES;
				CLANG_WARN_UNGUARDED_AVAILABILITY = YES_AGGRESSIVE;
				CLANG_WARN_UNREACHABLE_CODE = YES;
				CLANG_WARN__DUPLICATE_METHOD_MATCH = YES;
				COPY_PHASE_STRIP = NO;
				DEBUG_INFORMATION_FORMAT = dwarf;
				ENABLE_STRICT_OBJC_MSGSEND = YES;
				ENABLE_TESTABILITY = YES;
				GCC_C_LANGUAGE_STANDARD = gnu11;
				GCC_DYNAMIC_NO_PIC = NO;
				GCC_NO_COMMON_BLOCKS = YES;
				GCC_OPTIMIZATION_LEVEL = 0;
				GCC_PREPROCESSOR_DEFINITIONS = (
					"DEBUG=1",
					"$(inherited)",
				);
				GCC_WARN_64_TO_32_BIT_CONVERSION = YES;
				GCC_WARN_ABOUT_RETURN_TYPE = YES_ERROR;
				GCC_WARN_UNDECLARED_SELECTOR = YES;
				GCC_WARN_UNINITIALIZED_AUTOS = YES_AGGRESSIVE;
				GCC_WARN_UNUSED_FUNCTION = YES;
				GCC_WARN_UNUSED_VARIABLE = YES;
				IPHONEOS_DEPLOYMENT_TARGET = 15.4;
				MTL_ENABLE_DEBUG_INFO = INCLUDE_SOURCE;
				MTL_FAST_MATH = YES;
				ONLY_ACTIVE_ARCH = YES;
				SDKROOT = iphoneos;
				SWIFT_ACTIVE_COMPILATION_CONDITIONS = DEBUG;
				SWIFT_OPTIMIZATION_LEVEL = "-Onone";
			};
			name = Debug;
		};
		443E3357280E965A00C57D5C /* Release */ = {
			isa = XCBuildConfiguration;
			buildSettings = {
				ALWAYS_SEARCH_USER_PATHS = NO;
				CLANG_ANALYZER_NONNULL = YES;
				CLANG_ANALYZER_NUMBER_OBJECT_CONVERSION = YES_AGGRESSIVE;
				CLANG_CXX_LANGUAGE_STANDARD = "gnu++17";
				CLANG_ENABLE_MODULES = YES;
				CLANG_ENABLE_OBJC_ARC = YES;
				CLANG_ENABLE_OBJC_WEAK = YES;
				CLANG_WARN_BLOCK_CAPTURE_AUTORELEASING = YES;
				CLANG_WARN_BOOL_CONVERSION = YES;
				CLANG_WARN_COMMA = YES;
				CLANG_WARN_CONSTANT_CONVERSION = YES;
				CLANG_WARN_DEPRECATED_OBJC_IMPLEMENTATIONS = YES;
				CLANG_WARN_DIRECT_OBJC_ISA_USAGE = YES_ERROR;
				CLANG_WARN_DOCUMENTATION_COMMENTS = YES;
				CLANG_WARN_EMPTY_BODY = YES;
				CLANG_WARN_ENUM_CONVERSION = YES;
				CLANG_WARN_INFINITE_RECURSION = YES;
				CLANG_WARN_INT_CONVERSION = YES;
				CLANG_WARN_NON_LITERAL_NULL_CONVERSION = YES;
				CLANG_WARN_OBJC_IMPLICIT_RETAIN_SELF = YES;
				CLANG_WARN_OBJC_LITERAL_CONVERSION = YES;
				CLANG_WARN_OBJC_ROOT_CLASS = YES_ERROR;
				CLANG_WARN_QUOTED_INCLUDE_IN_FRAMEWORK_HEADER = YES;
				CLANG_WARN_RANGE_LOOP_ANALYSIS = YES;
				CLANG_WARN_STRICT_PROTOTYPES = YES;
				CLANG_WARN_SUSPICIOUS_MOVE = YES;
				CLANG_WARN_UNGUARDED_AVAILABILITY = YES_AGGRESSIVE;
				CLANG_WARN_UNREACHABLE_CODE = YES;
				CLANG_WARN__DUPLICATE_METHOD_MATCH = YES;
				COPY_PHASE_STRIP = NO;
				DEBUG_INFORMATION_FORMAT = "dwarf-with-dsym";
				ENABLE_NS_ASSERTIONS = NO;
				ENABLE_STRICT_OBJC_MSGSEND = YES;
				GCC_C_LANGUAGE_STANDARD = gnu11;
				GCC_NO_COMMON_BLOCKS = YES;
				GCC_WARN_64_TO_32_BIT_CONVERSION = YES;
				GCC_WARN_ABOUT_RETURN_TYPE = YES_ERROR;
				GCC_WARN_UNDECLARED_SELECTOR = YES;
				GCC_WARN_UNINITIALIZED_AUTOS = YES_AGGRESSIVE;
				GCC_WARN_UNUSED_FUNCTION = YES;
				GCC_WARN_UNUSED_VARIABLE = YES;
				IPHONEOS_DEPLOYMENT_TARGET = 15.4;
				MTL_ENABLE_DEBUG_INFO = NO;
				MTL_FAST_MATH = YES;
				SDKROOT = iphoneos;
				SWIFT_COMPILATION_MODE = wholemodule;
				SWIFT_OPTIMIZATION_LEVEL = "-O";
				VALIDATE_PRODUCT = YES;
			};
			name = Release;
		};
		443E3359280E965A00C57D5C /* Debug */ = {
			isa = XCBuildConfiguration;
			buildSettings = {
				ASSETCATALOG_COMPILER_APPICON_NAME = AppIcon;
				ASSETCATALOG_COMPILER_GLOBAL_ACCENT_COLOR_NAME = AccentColor;
				CODE_SIGN_STYLE = Automatic;
				CURRENT_PROJECT_VERSION = 1;
				DEVELOPMENT_TEAM = MBY5GUBKXK;
				GENERATE_INFOPLIST_FILE = YES;
				INFOPLIST_FILE = X0Fun/Info.plist;
				INFOPLIST_KEY_UIApplicationSupportsIndirectInputEvents = YES;
				INFOPLIST_KEY_UILaunchStoryboardName = LaunchScreen;
				INFOPLIST_KEY_UIMainStoryboardFile = Main;
				INFOPLIST_KEY_UISupportedInterfaceOrientations_iPad = "UIInterfaceOrientationPortrait UIInterfaceOrientationPortraitUpsideDown UIInterfaceOrientationLandscapeLeft UIInterfaceOrientationLandscapeRight";
				INFOPLIST_KEY_UISupportedInterfaceOrientations_iPhone = "UIInterfaceOrientationPortrait UIInterfaceOrientationLandscapeLeft UIInterfaceOrientationLandscapeRight";
				LD_RUNPATH_SEARCH_PATHS = (
					"$(inherited)",
					"@executable_path/Frameworks",
				);
				MARKETING_VERSION = 1.0;
				PRODUCT_BUNDLE_IDENTIFIER = TestAutomateProjfirst.X0Fun;
				PRODUCT_NAME = "$(TARGET_NAME)";
				SWIFT_EMIT_LOC_STRINGS = YES;
				SWIFT_VERSION = 5.0;
				TARGETED_DEVICE_FAMILY = "1,2";
			};
			name = Debug;
		};
		443E335A280E965A00C57D5C /* Release */ = {
			isa = XCBuildConfiguration;
			buildSettings = {
				ASSETCATALOG_COMPILER_APPICON_NAME = AppIcon;
				ASSETCATALOG_COMPILER_GLOBAL_ACCENT_COLOR_NAME = AccentColor;
				CODE_SIGN_STYLE = Automatic;
				CURRENT_PROJECT_VERSION = 1;
				DEVELOPMENT_TEAM = MBY5GUBKXK;
				GENERATE_INFOPLIST_FILE = YES;
				INFOPLIST_FILE = X0Fun/Info.plist;
				INFOPLIST_KEY_UIApplicationSupportsIndirectInputEvents = YES;
				INFOPLIST_KEY_UILaunchStoryboardName = LaunchScreen;
				INFOPLIST_KEY_UIMainStoryboardFile = Main;
				INFOPLIST_KEY_UISupportedInterfaceOrientations_iPad = "UIInterfaceOrientationPortrait UIInterfaceOrientationPortraitUpsideDown UIInterfaceOrientationLandscapeLeft UIInterfaceOrientationLandscapeRight";
				INFOPLIST_KEY_UISupportedInterfaceOrientations_iPhone = "UIInterfaceOrientationPortrait UIInterfaceOrientationLandscapeLeft UIInterfaceOrientationLandscapeRight";
				LD_RUNPATH_SEARCH_PATHS = (
					"$(inherited)",
					"@executable_path/Frameworks",
				);
				MARKETING_VERSION = 1.0;
				PRODUCT_BUNDLE_IDENTIFIER = TestAutomateProjfirst.X0Fun;
				PRODUCT_NAME = "$(TARGET_NAME)";
				SWIFT_EMIT_LOC_STRINGS = YES;
				SWIFT_VERSION = 5.0;
				TARGETED_DEVICE_FAMILY = "1,2";
			};
			name = Release;
		};
		443E335C280E965A00C57D5C /* Debug */ = {
			isa = XCBuildConfiguration;
			buildSettings = {
				ALWAYS_EMBED_SWIFT_STANDARD_LIBRARIES = YES;
				BUNDLE_LOADER = "$(TEST_HOST)";
				CODE_SIGN_STYLE = Automatic;
				CURRENT_PROJECT_VERSION = 1;
				DEVELOPMENT_TEAM = MBY5GUBKXK;
				GENERATE_INFOPLIST_FILE = YES;
				IPHONEOS_DEPLOYMENT_TARGET = 15.4;
				MARKETING_VERSION = 1.0;
				PRODUCT_BUNDLE_IDENTIFIER = TestAutomateProjfirst.X0FunTests;
				PRODUCT_NAME = "$(TARGET_NAME)";
				SWIFT_EMIT_LOC_STRINGS = NO;
				SWIFT_VERSION = 5.0;
				TARGETED_DEVICE_FAMILY = "1,2";
				TEST_HOST = "$(BUILT_PRODUCTS_DIR)/X0Fun.app/X0Fun";
			};
			name = Debug;
		};
		443E335D280E965A00C57D5C /* Release */ = {
			isa = XCBuildConfiguration;
			buildSettings = {
				ALWAYS_EMBED_SWIFT_STANDARD_LIBRARIES = YES;
				BUNDLE_LOADER = "$(TEST_HOST)";
				CODE_SIGN_STYLE = Automatic;
				CURRENT_PROJECT_VERSION = 1;
				DEVELOPMENT_TEAM = MBY5GUBKXK;
				GENERATE_INFOPLIST_FILE = YES;
				IPHONEOS_DEPLOYMENT_TARGET = 15.4;
				MARKETING_VERSION = 1.0;
				PRODUCT_BUNDLE_IDENTIFIER = TestAutomateProjfirst.X0FunTests;
				PRODUCT_NAME = "$(TARGET_NAME)";
				SWIFT_EMIT_LOC_STRINGS = NO;
				SWIFT_VERSION = 5.0;
				TARGETED_DEVICE_FAMILY = "1,2";
				TEST_HOST = "$(BUILT_PRODUCTS_DIR)/X0Fun.app/X0Fun";
			};
			name = Release;
		};
		443E335F280E965A00C57D5C /* Debug */ = {
			isa = XCBuildConfiguration;
			buildSettings = {
				ALWAYS_EMBED_SWIFT_STANDARD_LIBRARIES = YES;
				CODE_SIGN_STYLE = Automatic;
				CURRENT_PROJECT_VERSION = 1;
				DEVELOPMENT_TEAM = MBY5GUBKXK;
				GENERATE_INFOPLIST_FILE = YES;
				MARKETING_VERSION = 1.0;
				PRODUCT_BUNDLE_IDENTIFIER = TestAutomateProjfirst.X0FunUITests;
				PRODUCT_NAME = "$(TARGET_NAME)";
				SWIFT_EMIT_LOC_STRINGS = NO;
				SWIFT_VERSION = 5.0;
				TARGETED_DEVICE_FAMILY = "1,2";
				TEST_TARGET_NAME = X0Fun;
			};
			name = Debug;
		};
		443E3360280E965A00C57D5C /* Release */ = {
			isa = XCBuildConfiguration;
			buildSettings = {
				ALWAYS_EMBED_SWIFT_STANDARD_LIBRARIES = YES;
				CODE_SIGN_STYLE = Automatic;
				CURRENT_PROJECT_VERSION = 1;
				DEVELOPMENT_TEAM = MBY5GUBKXK;
				GENERATE_INFOPLIST_FILE = YES;
				MARKETING_VERSION = 1.0;
				PRODUCT_BUNDLE_IDENTIFIER = TestAutomateProjfirst.X0FunUITests;
				PRODUCT_NAME = "$(TARGET_NAME)";
				SWIFT_EMIT_LOC_STRINGS = NO;
				SWIFT_VERSION = 5.0;
				TARGETED_DEVICE_FAMILY = "1,2";
				TEST_TARGET_NAME = X0Fun;
			};
			name = Release;
		};
/* End XCBuildConfiguration section */

/* Begin XCConfigurationList section */
		443E3329280E965600C57D5C /* Build configuration list for PBXProject "X0Fun" */ = {
			isa = XCConfigurationList;
			buildConfigurations = (
				443E3356280E965A00C57D5C /* Debug */,
				443E3357280E965A00C57D5C /* Release */,
			);
			defaultConfigurationIsVisible = 0;
			defaultConfigurationName = Release;
		};
		443E3358280E965A00C57D5C /* Build configuration list for PBXNativeTarget "X0Fun" */ = {
			isa = XCConfigurationList;
			buildConfigurations = (
				443E3359280E965A00C57D5C /* Debug */,
				443E335A280E965A00C57D5C /* Release */,
			);
			defaultConfigurationIsVisible = 0;
			defaultConfigurationName = Release;
		};
		443E335B280E965A00C57D5C /* Build configuration list for PBXNativeTarget "X0FunTests" */ = {
			isa = XCConfigurationList;
			buildConfigurations = (
				443E335C280E965A00C57D5C /* Debug */,
				443E335D280E965A00C57D5C /* Release */,
			);
			defaultConfigurationIsVisible = 0;
			defaultConfigurationName = Release;
		};
		443E335E280E965A00C57D5C /* Build configuration list for PBXNativeTarget "X0FunUITests" */ = {
			isa = XCConfigurationList;
			buildConfigurations = (
				443E335F280E965A00C57D5C /* Debug */,
				443E3360280E965A00C57D5C /* Release */,
			);
			defaultConfigurationIsVisible = 0;
			defaultConfigurationName = Release;
		};
/* End XCConfigurationList section */
	};
	rootObject = 443E3326280E965600C57D5C /* Project object */;
}
